// !$*UTF8*$!
{
	archiveVersion = 1;
	classes = {
	};
	objectVersion = 51;
	objects = {

/* Begin PBXBuildFile section */
		0E77816B24A705B200CBFF72 /* AppDelegate.swift in Sources */ = {isa = PBXBuildFile; fileRef = 0E77816A24A705B200CBFF72 /* AppDelegate.swift */; };
		0E77816D24A705B200CBFF72 /* SceneDelegate.swift in Sources */ = {isa = PBXBuildFile; fileRef = 0E77816C24A705B200CBFF72 /* SceneDelegate.swift */; };
		0E77816F24A705B200CBFF72 /* ViewController.swift in Sources */ = {isa = PBXBuildFile; fileRef = 0E77816E24A705B200CBFF72 /* ViewController.swift */; };
		0E77817224A705B200CBFF72 /* Main.storyboard in Resources */ = {isa = PBXBuildFile; fileRef = 0E77817024A705B200CBFF72 /* Main.storyboard */; };
		0E77817424A705B300CBFF72 /* Assets.xcassets in Resources */ = {isa = PBXBuildFile; fileRef = 0E77817324A705B300CBFF72 /* Assets.xcassets */; };
		0E77817724A705B300CBFF72 /* LaunchScreen.storyboard in Resources */ = {isa = PBXBuildFile; fileRef = 0E77817524A705B300CBFF72 /* LaunchScreen.storyboard */; };
		0E77818124A74C4900CBFF72 /* SecondViewController.swift in Sources */ = {isa = PBXBuildFile; fileRef = 0E77818024A74C4900CBFF72 /* SecondViewController.swift */; };
		0EBB295E24AC2759003B99BB /* LaunchViewController.swift in Sources */ = {isa = PBXBuildFile; fileRef = 0EBB295D24AC2759003B99BB /* LaunchViewController.swift */; };
		0EBB296024AC2830003B99BB /* 18123-developer.json in Resources */ = {isa = PBXBuildFile; fileRef = 0EBB295F24AC2830003B99BB /* 18123-developer.json */; };
		D61EF4F6D913F5B302514FDC /* Pods_MapDori.framework in Frameworks */ = {isa = PBXBuildFile; fileRef = 0EF85E8EC96E552787A73055 /* Pods_MapDori.framework */; };
/* End PBXBuildFile section */

/* Begin PBXFileReference section */
		0E77816724A705B200CBFF72 /* MapDori.app */ = {isa = PBXFileReference; explicitFileType = wrapper.application; includeInIndex = 0; path = MapDori.app; sourceTree = BUILT_PRODUCTS_DIR; };
		0E77816A24A705B200CBFF72 /* AppDelegate.swift */ = {isa = PBXFileReference; lastKnownFileType = sourcecode.swift; path = AppDelegate.swift; sourceTree = "<group>"; };
		0E77816C24A705B200CBFF72 /* SceneDelegate.swift */ = {isa = PBXFileReference; lastKnownFileType = sourcecode.swift; path = SceneDelegate.swift; sourceTree = "<group>"; };
		0E77816E24A705B200CBFF72 /* ViewController.swift */ = {isa = PBXFileReference; lastKnownFileType = sourcecode.swift; path = ViewController.swift; sourceTree = "<group>"; };
		0E77817124A705B200CBFF72 /* Base */ = {isa = PBXFileReference; lastKnownFileType = file.storyboard; name = Base; path = Base.lproj/Main.storyboard; sourceTree = "<group>"; };
		0E77817324A705B300CBFF72 /* Assets.xcassets */ = {isa = PBXFileReference; lastKnownFileType = folder.assetcatalog; path = Assets.xcassets; sourceTree = "<group>"; };
		0E77817624A705B300CBFF72 /* Base */ = {isa = PBXFileReference; lastKnownFileType = file.storyboard; name = Base; path = Base.lproj/LaunchScreen.storyboard; sourceTree = "<group>"; };
		0E77817824A705B300CBFF72 /* Info.plist */ = {isa = PBXFileReference; lastKnownFileType = text.plist.xml; path = Info.plist; sourceTree = "<group>"; };
		0E77818024A74C4900CBFF72 /* SecondViewController.swift */ = {isa = PBXFileReference; lastKnownFileType = sourcecode.swift; path = SecondViewController.swift; sourceTree = "<group>"; };
		0EBB295D24AC2759003B99BB /* LaunchViewController.swift */ = {isa = PBXFileReference; lastKnownFileType = sourcecode.swift; path = LaunchViewController.swift; sourceTree = "<group>"; };
		0EBB295F24AC2830003B99BB /* 18123-developer.json */ = {isa = PBXFileReference; fileEncoding = 4; lastKnownFileType = text.json; path = "18123-developer.json"; sourceTree = "<group>"; };
		0EF85E8EC96E552787A73055 /* Pods_MapDori.framework */ = {isa = PBXFileReference; explicitFileType = wrapper.framework; includeInIndex = 0; path = Pods_MapDori.framework; sourceTree = BUILT_PRODUCTS_DIR; };
		963F050FCE4CA0F6C66FB28C /* Pods-MapDori.release.xcconfig */ = {isa = PBXFileReference; includeInIndex = 1; lastKnownFileType = text.xcconfig; name = "Pods-MapDori.release.xcconfig"; path = "Target Support Files/Pods-MapDori/Pods-MapDori.release.xcconfig"; sourceTree = "<group>"; };
		C541DF8105B0B0E5EC11AA60 /* Pods-MapDori.debug.xcconfig */ = {isa = PBXFileReference; includeInIndex = 1; lastKnownFileType = text.xcconfig; name = "Pods-MapDori.debug.xcconfig"; path = "Target Support Files/Pods-MapDori/Pods-MapDori.debug.xcconfig"; sourceTree = "<group>"; };
/* End PBXFileReference section */

/* Begin PBXFrameworksBuildPhase section */
		0E77816424A705B200CBFF72 /* Frameworks */ = {
			isa = PBXFrameworksBuildPhase;
			buildActionMask = 2147483647;
			files = (
				D61EF4F6D913F5B302514FDC /* Pods_MapDori.framework in Frameworks */,
			);
			runOnlyForDeploymentPostprocessing = 0;
		};
/* End PBXFrameworksBuildPhase section */

/* Begin PBXGroup section */
		0E77815E24A705B200CBFF72 = {
			isa = PBXGroup;
			children = (
				0E77816924A705B200CBFF72 /* MapDori */,
				0E77816824A705B200CBFF72 /* Products */,
				535F9500F6ACD442F1105F08 /* Pods */,
				264E2CA0957D6E3A37073AAC /* Frameworks */,
			);
			sourceTree = "<group>";
		};
		0E77816824A705B200CBFF72 /* Products */ = {
			isa = PBXGroup;
			children = (
				0E77816724A705B200CBFF72 /* MapDori.app */,
			);
			name = Products;
			sourceTree = "<group>";
		};
		0E77816924A705B200CBFF72 /* MapDori */ = {
			isa = PBXGroup;
			children = (
				0EBB295F24AC2830003B99BB /* 18123-developer.json */,
				0E77816A24A705B200CBFF72 /* AppDelegate.swift */,
				0E77816C24A705B200CBFF72 /* SceneDelegate.swift */,
				0EBB295D24AC2759003B99BB /* LaunchViewController.swift */,
				0E77816E24A705B200CBFF72 /* ViewController.swift */,
				0E77818024A74C4900CBFF72 /* SecondViewController.swift */,
				0E77817024A705B200CBFF72 /* Main.storyboard */,
				0E77817324A705B300CBFF72 /* Assets.xcassets */,
				0E77817524A705B300CBFF72 /* LaunchScreen.storyboard */,
				0E77817824A705B300CBFF72 /* Info.plist */,
			);
			path = MapDori;
			sourceTree = "<group>";
		};
		264E2CA0957D6E3A37073AAC /* Frameworks */ = {
			isa = PBXGroup;
			children = (
				0EF85E8EC96E552787A73055 /* Pods_MapDori.framework */,
			);
			name = Frameworks;
			sourceTree = "<group>";
		};
		535F9500F6ACD442F1105F08 /* Pods */ = {
			isa = PBXGroup;
			children = (
				C541DF8105B0B0E5EC11AA60 /* Pods-MapDori.debug.xcconfig */,
				963F050FCE4CA0F6C66FB28C /* Pods-MapDori.release.xcconfig */,
			);
			path = Pods;
			sourceTree = "<group>";
		};
/* End PBXGroup section */

/* Begin PBXNativeTarget section */
		0E77816624A705B200CBFF72 /* MapDori */ = {
			isa = PBXNativeTarget;
			buildConfigurationList = 0E77817B24A705B300CBFF72 /* Build configuration list for PBXNativeTarget "MapDori" */;
			buildPhases = (
				C0A74D56EAF19E9F75B63334 /* [CP] Check Pods Manifest.lock */,
				0E77816324A705B200CBFF72 /* Sources */,
				0E77816424A705B200CBFF72 /* Frameworks */,
				0E77816524A705B200CBFF72 /* Resources */,
				74EC787669AA785CCA1B9986 /* [CP] Embed Pods Frameworks */,
			);
			buildRules = (
			);
			dependencies = (
			);
			name = MapDori;
			productName = MapDori;
			productReference = 0E77816724A705B200CBFF72 /* MapDori.app */;
			productType = "com.apple.product-type.application";
		};
/* End PBXNativeTarget section */

/* Begin PBXProject section */
		0E77815F24A705B200CBFF72 /* Project object */ = {
			isa = PBXProject;
			attributes = {
				LastSwiftUpdateCheck = 1150;
				LastUpgradeCheck = 1150;
				ORGANIZATIONNAME = shooooting;
				TargetAttributes = {
					0E77816624A705B200CBFF72 = {
						CreatedOnToolsVersion = 11.5;
					};
				};
			};
			buildConfigurationList = 0E77816224A705B200CBFF72 /* Build configuration list for PBXProject "MapDori" */;
			compatibilityVersion = "Xcode 9.3";
			developmentRegion = en;
			hasScannedForEncodings = 0;
			knownRegions = (
				en,
				Base,
			);
			mainGroup = 0E77815E24A705B200CBFF72;
			productRefGroup = 0E77816824A705B200CBFF72 /* Products */;
			projectDirPath = "";
			projectRoot = "";
			targets = (
				0E77816624A705B200CBFF72 /* MapDori */,
			);
		};
/* End PBXProject section */

/* Begin PBXResourcesBuildPhase section */
		0E77816524A705B200CBFF72 /* Resources */ = {
			isa = PBXResourcesBuildPhase;
			buildActionMask = 2147483647;
			files = (
				0E77817724A705B300CBFF72 /* LaunchScreen.storyboard in Resources */,
				0E77817424A705B300CBFF72 /* Assets.xcassets in Resources */,
				0EBB296024AC2830003B99BB /* 18123-developer.json in Resources */,
				0E77817224A705B200CBFF72 /* Main.storyboard in Resources */,
			);
			runOnlyForDeploymentPostprocessing = 0;
		};
/* End PBXResourcesBuildPhase section */

/* Begin PBXShellScriptBuildPhase section */
		74EC787669AA785CCA1B9986 /* [CP] Embed Pods Frameworks */ = {
			isa = PBXShellScriptBuildPhase;
			buildActionMask = 2147483647;
			files = (
			);
			inputFileListPaths = (
				"${PODS_ROOT}/Target Support Files/Pods-MapDori/Pods-MapDori-frameworks-${CONFIGURATION}-input-files.xcfilelist",
			);
			name = "[CP] Embed Pods Frameworks";
			outputFileListPaths = (
				"${PODS_ROOT}/Target Support Files/Pods-MapDori/Pods-MapDori-frameworks-${CONFIGURATION}-output-files.xcfilelist",
			);
			runOnlyForDeploymentPostprocessing = 0;
			shellPath = /bin/sh;
			shellScript = "\"${PODS_ROOT}/Target Support Files/Pods-MapDori/Pods-MapDori-frameworks.sh\"\n";
			showEnvVarsInLog = 0;
		};
		C0A74D56EAF19E9F75B63334 /* [CP] Check Pods Manifest.lock */ = {
			isa = PBXShellScriptBuildPhase;
			buildActionMask = 2147483647;
			files = (
			);
			inputFileListPaths = (
			);
			inputPaths = (
				"${PODS_PODFILE_DIR_PATH}/Podfile.lock",
				"${PODS_ROOT}/Manifest.lock",
			);
			name = "[CP] Check Pods Manifest.lock";
			outputFileListPaths = (
			);
			outputPaths = (
				"$(DERIVED_FILE_DIR)/Pods-MapDori-checkManifestLockResult.txt",
			);
			runOnlyForDeploymentPostprocessing = 0;
			shellPath = /bin/sh;
			shellScript = "diff \"${PODS_PODFILE_DIR_PATH}/Podfile.lock\" \"${PODS_ROOT}/Manifest.lock\" > /dev/null\nif [ $? != 0 ] ; then\n    # print error to STDERR\n    echo \"error: The sandbox is not in sync with the Podfile.lock. Run 'pod install' or update your CocoaPods installation.\" >&2\n    exit 1\nfi\n# This output is used by Xcode 'outputs' to avoid re-running this script phase.\necho \"SUCCESS\" > \"${SCRIPT_OUTPUT_FILE_0}\"\n";
			showEnvVarsInLog = 0;
		};
/* End PBXShellScriptBuildPhase section */

/* Begin PBXSourcesBuildPhase section */
		0E77816324A705B200CBFF72 /* Sources */ = {
			isa = PBXSourcesBuildPhase;
			buildActionMask = 2147483647;
			files = (
				0E77818124A74C4900CBFF72 /* SecondViewController.swift in Sources */,
				0EBB295E24AC2759003B99BB /* LaunchViewController.swift in Sources */,
				0E77816F24A705B200CBFF72 /* ViewController.swift in Sources */,
				0E77816B24A705B200CBFF72 /* AppDelegate.swift in Sources */,
				0E77816D24A705B200CBFF72 /* SceneDelegate.swift in Sources */,
			);
			runOnlyForDeploymentPostprocessing = 0;
		};
/* End PBXSourcesBuildPhase section */

/* Begin PBXVariantGroup section */
		0E77817024A705B200CBFF72 /* Main.storyboard */ = {
			isa = PBXVariantGroup;
			children = (
				0E77817124A705B200CBFF72 /* Base */,
			);
			name = Main.storyboard;
			sourceTree = "<group>";
		};
		0E77817524A705B300CBFF72 /* LaunchScreen.storyboard */ = {
			isa = PBXVariantGroup;
			children = (
				0E77817624A705B300CBFF72 /* Base */,
			);
			name = LaunchScreen.storyboard;
			sourceTree = "<group>";
		};
/* End PBXVariantGroup section */

/* Begin XCBuildConfiguration section */
		0E77817924A705B300CBFF72 /* Debug */ = {
			isa = XCBuildConfiguration;
			buildSettings = {
				ALWAYS_SEARCH_USER_PATHS = NO;
				CLANG_ANALYZER_NONNULL = YES;
				CLANG_ANALYZER_NUMBER_OBJECT_CONVERSION = YES_AGGRESSIVE;
				CLANG_CXX_LANGUAGE_STANDARD = "gnu++14";
				CLANG_CXX_LIBRARY = "libc++";
				CLANG_ENABLE_MODULES = YES;
				CLANG_ENABLE_OBJC_ARC = YES;
				CLANG_ENABLE_OBJC_WEAK = YES;
				CLANG_WARN_BLOCK_CAPTURE_AUTORELEASING = YES;
				CLANG_WARN_BOOL_CONVERSION = YES;
				CLANG_WARN_COMMA = YES;
				CLANG_WARN_CONSTANT_CONVERSION = YES;
				CLANG_WARN_DEPRECATED_OBJC_IMPLEMENTATIONS = YES;
				CLANG_WARN_DIRECT_OBJC_ISA_USAGE = YES_ERROR;
				CLANG_WARN_DOCUMENTATION_COMMENTS = YES;
				CLANG_WARN_EMPTY_BODY = YES;
				CLANG_WARN_ENUM_CONVERSION = YES;
				CLANG_WARN_INFINITE_RECURSION = YES;
				CLANG_WARN_INT_CONVERSION = YES;
				CLANG_WARN_NON_LITERAL_NULL_CONVERSION = YES;
				CLANG_WARN_OBJC_IMPLICIT_RETAIN_SELF = YES;
				CLANG_WARN_OBJC_LITERAL_CONVERSION = YES;
				CLANG_WARN_OBJC_ROOT_CLASS = YES_ERROR;
				CLANG_WARN_RANGE_LOOP_ANALYSIS = YES;
				CLANG_WARN_STRICT_PROTOTYPES = YES;
				CLANG_WARN_SUSPICIOUS_MOVE = YES;
				CLANG_WARN_UNGUARDED_AVAILABILITY = YES_AGGRESSIVE;
				CLANG_WARN_UNREACHABLE_CODE = YES;
				CLANG_WARN__DUPLICATE_METHOD_MATCH = YES;
				COPY_PHASE_STRIP = NO;
				DEBUG_INFORMATION_FORMAT = dwarf;
				ENABLE_STRICT_OBJC_MSGSEND = YES;
				ENABLE_TESTABILITY = YES;
				GCC_C_LANGUAGE_STANDARD = gnu11;
				GCC_DYNAMIC_NO_PIC = NO;
				GCC_NO_COMMON_BLOCKS = YES;
				GCC_OPTIMIZATION_LEVEL = 0;
				GCC_PREPROCESSOR_DEFINITIONS = (
					"DEBUG=1",
					"$(inherited)",
				);
				GCC_WARN_64_TO_32_BIT_CONVERSION = YES;
				GCC_WARN_ABOUT_RETURN_TYPE = YES_ERROR;
				GCC_WARN_UNDECLARED_SELECTOR = YES;
				GCC_WARN_UNINITIALIZED_AUTOS = YES_AGGRESSIVE;
				GCC_WARN_UNUSED_FUNCTION = YES;
				GCC_WARN_UNUSED_VARIABLE = YES;
				IPHONEOS_DEPLOYMENT_TARGET = 13.5;
				MTL_ENABLE_DEBUG_INFO = INCLUDE_SOURCE;
				MTL_FAST_MATH = YES;
				ONLY_ACTIVE_ARCH = YES;
				SDKROOT = iphoneos;
				SWIFT_ACTIVE_COMPILATION_CONDITIONS = DEBUG;
				SWIFT_OPTIMIZATION_LEVEL = "-Onone";
			};
			name = Debug;
		};
		0E77817A24A705B300CBFF72 /* Release */ = {
			isa = XCBuildConfiguration;
			buildSettings = {
				ALWAYS_SEARCH_USER_PATHS = NO;
				CLANG_ANALYZER_NONNULL = YES;
				CLANG_ANALYZER_NUMBER_OBJECT_CONVERSION = YES_AGGRESSIVE;
				CLANG_CXX_LANGUAGE_STANDARD = "gnu++14";
				CLANG_CXX_LIBRARY = "libc++";
				CLANG_ENABLE_MODULES = YES;
				CLANG_ENABLE_OBJC_ARC = YES;
				CLANG_ENABLE_OBJC_WEAK = YES;
				CLANG_WARN_BLOCK_CAPTURE_AUTORELEASING = YES;
				CLANG_WARN_BOOL_CONVERSION = YES;
				CLANG_WARN_COMMA = YES;
				CLANG_WARN_CONSTANT_CONVERSION = YES;
				CLANG_WARN_DEPRECATED_OBJC_IMPLEMENTATIONS = YES;
				CLANG_WARN_DIRECT_OBJC_ISA_USAGE = YES_ERROR;
				CLANG_WARN_DOCUMENTATION_COMMENTS = YES;
				CLANG_WARN_EMPTY_BODY = YES;
				CLANG_WARN_ENUM_CONVERSION = YES;
				CLANG_WARN_INFINITE_RECURSION = YES;
				CLANG_WARN_INT_CONVERSION = YES;
				CLANG_WARN_NON_LITERAL_NULL_CONVERSION = YES;
				CLANG_WARN_OBJC_IMPLICIT_RETAIN_SELF = YES;
				CLANG_WARN_OBJC_LITERAL_CONVERSION = YES;
				CLANG_WARN_OBJC_ROOT_CLASS = YES_ERROR;
				CLANG_WARN_RANGE_LOOP_ANALYSIS = YES;
				CLANG_WARN_STRICT_PROTOTYPES = YES;
				CLANG_WARN_SUSPICIOUS_MOVE = YES;
				CLANG_WARN_UNGUARDED_AVAILABILITY = YES_AGGRESSIVE;
				CLANG_WARN_UNREACHABLE_CODE = YES;
				CLANG_WARN__DUPLICATE_METHOD_MATCH = YES;
				COPY_PHASE_STRIP = NO;
				DEBUG_INFORMATION_FORMAT = "dwarf-with-dsym";
				ENABLE_NS_ASSERTIONS = NO;
				ENABLE_STRICT_OBJC_MSGSEND = YES;
				GCC_C_LANGUAGE_STANDARD = gnu11;
				GCC_NO_COMMON_BLOCKS = YES;
				GCC_WARN_64_TO_32_BIT_CONVERSION = YES;
				GCC_WARN_ABOUT_RETURN_TYPE = YES_ERROR;
				GCC_WARN_UNDECLARED_SELECTOR = YES;
				GCC_WARN_UNINITIALIZED_AUTOS = YES_AGGRESSIVE;
				GCC_WARN_UNUSED_FUNCTION = YES;
				GCC_WARN_UNUSED_VARIABLE = YES;
				IPHONEOS_DEPLOYMENT_TARGET = 13.5;
				MTL_ENABLE_DEBUG_INFO = NO;
				MTL_FAST_MATH = YES;
				SDKROOT = iphoneos;
				SWIFT_COMPILATION_MODE = wholemodule;
				SWIFT_OPTIMIZATION_LEVEL = "-O";
				VALIDATE_PRODUCT = YES;
			};
			name = Release;
		};
		0E77817C24A705B300CBFF72 /* Debug */ = {
			isa = XCBuildConfiguration;
			baseConfigurationReference = C541DF8105B0B0E5EC11AA60 /* Pods-MapDori.debug.xcconfig */;
			buildSettings = {
				ASSETCATALOG_COMPILER_APPICON_NAME = AppIcon;
				CODE_SIGN_STYLE = Automatic;
				INFOPLIST_FILE = MapDori/Info.plist;
				LD_RUNPATH_SEARCH_PATHS = (
					"$(inherited)",
					"@executable_path/Frameworks",
				);
				PRODUCT_BUNDLE_IDENTIFIER = kr.shooooting.examples.MapDori;
				PRODUCT_NAME = "$(TARGET_NAME)";
				SWIFT_VERSION = 5.0;
				TARGETED_DEVICE_FAMILY = "1,2";
			};
			name = Debug;
		};
		0E77817D24A705B300CBFF72 /* Release */ = {
			isa = XCBuildConfiguration;
			baseConfigurationReference = 963F050FCE4CA0F6C66FB28C /* Pods-MapDori.release.xcconfig */;
			buildSettings = {
				ASSETCATALOG_COMPILER_APPICON_NAME = AppIcon;
				CODE_SIGN_STYLE = Automatic;
				INFOPLIST_FILE = MapDori/Info.plist;
				LD_RUNPATH_SEARCH_PATHS = (
					"$(inherited)",
					"@executable_path/Frameworks",
				);
				PRODUCT_BUNDLE_IDENTIFIER = kr.shooooting.examples.MapDori;
				PRODUCT_NAME = "$(TARGET_NAME)";
				SWIFT_VERSION = 5.0;
				TARGETED_DEVICE_FAMILY = "1,2";
			};
			name = Release;
		};
/* End XCBuildConfiguration section */

/* Begin XCConfigurationList section */
		0E77816224A705B200CBFF72 /* Build configuration list for PBXProject "MapDori" */ = {
			isa = XCConfigurationList;
			buildConfigurations = (
				0E77817924A705B300CBFF72 /* Debug */,
				0E77817A24A705B300CBFF72 /* Release */,
			);
			defaultConfigurationIsVisible = 0;
			defaultConfigurationName = Release;
		};
		0E77817B24A705B300CBFF72 /* Build configuration list for PBXNativeTarget "MapDori" */ = {
			isa = XCConfigurationList;
			buildConfigurations = (
				0E77817C24A705B300CBFF72 /* Debug */,
				0E77817D24A705B300CBFF72 /* Release */,
			);
			defaultConfigurationIsVisible = 0;
			defaultConfigurationName = Release;
		};
/* End XCConfigurationList section */
	};
	rootObject = 0E77815F24A705B200CBFF72 /* Project object */;
}
